
Microsoft Visual Studio Solution File, Format Version 12.00
# Visual Studio Version 17
VisualStudioVersion = 17.4.33213.308
MinimumVisualStudioVersion = 10.0.40219.1
Project("{FAE04EC0-301F-11D3-BF4B-00C04F79EFBC}") = "OneTimeCodes", "OneTimeCodes\OneTimeCodes.csproj", "{64636EBB-66F8-4663-9BF1-5EAF0A4D9C80}"
EndProject
Project("{9A19103F-16F7-4668-BE54-9A1E7A4F7556}") = "Tests", "Tests\Tests.csproj", "{1D4B9599-406D-48A4-AFBF-D6E8C9015250}"
EndProject
Project("{FAE04EC0-301F-11D3-BF4B-00C04F79EFBC}") = "Examples", "Examples\Examples.csproj", "{8AC18B4D-F32F-41B0-84D8-885F9C74C2F1}"
EndProject
Global
	GlobalSection(SolutionConfigurationPlatforms) = preSolution
		Debug|Any CPU = Debug|Any CPU
		Release|Any CPU = Release|Any CPU
	EndGlobalSection
	GlobalSection(ProjectConfigurationPlatforms) = postSolution
		{64636EBB-66F8-4663-9BF1-5EAF0A4D9C80}.Debug|Any CPU.ActiveCfg = Debug|Any CPU
		{64636EBB-66F8-4663-9BF1-5EAF0A4D9C80}.Debug|Any CPU.Build.0 = Debug|Any CPU
		{64636EBB-66F8-4663-9BF1-5EAF0A4D9C80}.Release|Any CPU.ActiveCfg = Release|Any CPU
		{64636EBB-66F8-4663-9BF1-5EAF0A4D9C80}.Release|Any CPU.Build.0 = Release|Any CPU
		{1D4B9599-406D-48A4-AFBF-D6E8C9015250}.Debug|Any CPU.ActiveCfg = Debug|Any CPU
		{1D4B9599-406D-48A4-AFBF-D6E8C9015250}.Debug|Any CPU.Build.0 = Debug|Any CPU
		{1D4B9599-406D-48A4-AFBF-D6E8C9015250}.Release|Any CPU.ActiveCfg = Release|Any CPU
		{1D4B9599-406D-48A4-AFBF-D6E8C9015250}.Release|Any CPU.Build.0 = Release|Any CPU
		{8AC18B4D-F32F-41B0-84D8-885F9C74C2F1}.Debug|Any CPU.ActiveCfg = Debug|Any CPU
		{8AC18B4D-F32F-41B0-84D8-885F9C74C2F1}.Debug|Any CPU.Build.0 = Debug|Any CPU
		{8AC18B4D-F32F-41B0-84D8-885F9C74C2F1}.Release|Any CPU.ActiveCfg = Release|Any CPU
		{8AC18B4D-F32F-41B0-84D8-885F9C74C2F1}.Release|Any CPU.Build.0 = Release|Any CPU
	EndGlobalSection
	GlobalSection(SolutionProperties) = preSolution
		HideSolutionNode = FALSE
	EndGlobalSection
	GlobalSection(ExtensibilityGlobals) = postSolution
		SolutionGuid = {F09CF4A6-2A12-4F6A-9B97-7E1E8DE42A07}
	EndGlobalSection
EndGlobal
